{
	"name": "@orbit-model/core",
	"version": "0.0.1-alpha.1",
	"lockfileVersion": 1,
	"requires": true,
	"dependencies": {
		"@orbit/core": {
			"version": "0.16.0-beta.1",
			"resolved": "https://registry.npmjs.org/@orbit/core/-/core-0.16.0-beta.1.tgz",
			"integrity": "sha512-V3CCyl+o1UF/paSRy4+wqU2H55OuDsGpQSbkRVpHt2mlJiMASO6iYH/q1oKEi1jpATr+2ubN9dVzfLztY+i5Ng==",
			"requires": {
				"@orbit/utils": "^0.16.0-beta.1"
			}
		},
		"@orbit/data": {
			"version": "0.16.0-beta.1",
			"resolved": "https://registry.npmjs.org/@orbit/data/-/data-0.16.0-beta.1.tgz",
			"integrity": "sha512-cdt+3XN/YLN0GDK6WZeeCueqIiimnMPBBznw/EeW1eIMmHT3e9WP+JzuaOsm/j8IKUm2hYhLmonAl0/DV9fj/Q==",
			"requires": {
				"@orbit/core": "^0.16.0-beta.1",
				"@orbit/utils": "^0.16.0-beta.1"
			}
		},
		"@orbit/immutable": {
			"version": "0.16.0-beta.1",
			"resolved": "https://registry.npmjs.org/@orbit/immutable/-/immutable-0.16.0-beta.1.tgz",
			"integrity": "sha512-lK/2BamKuvYac/zErBFDboTTdxfS6Sz4ajKyD3UCSuWFd1s89L3yv3QvjXLux+IHm5IaO3CiLuObEeVaWsvTaA=="
		},
		"@orbit/record-cache": {
			"version": "0.16.0-beta.1",
			"resolved": "https://registry.npmjs.org/@orbit/record-cache/-/record-cache-0.16.0-beta.1.tgz",
			"integrity": "sha512-jQdLYmm+ug4dtWLkiOGOcrGFzum/Px6t5PO/BvagUG6JrT4DXMjuHlqkvypD7BcqXp/RwToJYkdw4AKgcBETQg==",
			"requires": {
				"@orbit/core": "^0.16.0-beta.1",
				"@orbit/data": "^0.16.0-beta.1",
				"@orbit/utils": "^0.16.0-beta.1"
			}
		},
		"@orbit/store": {
			"version": "github:Bernhard---H/npm-registry#7e32f55a1159c6faf9a3f43f189d77e2c0107e96",
			"from": "github:Bernhard---H/npm-registry#orbit-store-v0.16.0-beta.1-rebase.1-gitpkg",
			"requires": {
				"@orbit/core": "^0.16.0-beta.1",
				"@orbit/data": "^0.16.0-beta.1",
				"@orbit/immutable": "^0.16.0-beta.1",
				"@orbit/record-cache": "^0.16.0-beta.1",
				"@orbit/utils": "^0.16.0-beta.1"
			}
		},
		"@orbit/utils": {
			"version": "0.16.0-beta.1",
			"resolved": "https://registry.npmjs.org/@orbit/utils/-/utils-0.16.0-beta.1.tgz",
			"integrity": "sha512-S8rp47/xQmBx+ub0Y1a7DQcKA+OQwXpv8vNAhMqw+Ew0sDUHYaeRibSsgCGDatC3UkP8ClUVFHgJifS19jxDPQ=="
		}
	}
}
