{
	"name": "@orbit-model/middleware",
	"version": "0.0.1-alpha.1",
	"lockfileVersion": 1,
	"requires": true,
	"dependencies": {
		"@orbit/core": {
			"version": "0.16.0-beta.7",
			"resolved": "https://registry.npmjs.org/@orbit/core/-/core-0.16.0-beta.7.tgz",
			"integrity": "sha512-opzyWqeEM8WG/vrvhtKOTMNA5kV5s4ZjFOAABZrbUace2kKl0u1EscemgDg41bXqbPAWsB8CXYiTlz1AwimHbQ==",
			"requires": {
				"@orbit/utils": "^0.16.0-beta.7"
			}
		},
		"@orbit/data": {
			"version": "0.16.0-beta.7",
			"resolved": "https://registry.npmjs.org/@orbit/data/-/data-0.16.0-beta.7.tgz",
			"integrity": "sha512-c38wCY0CerVULkuEhxifIuB14EbwX/iLHMGPmo69LUsayiXg51Jqx5NH/Mm+uBrnN4EXlgdvTWr+ScncgLUg3A==",
			"requires": {
				"@orbit/core": "^0.16.0-beta.7",
				"@orbit/utils": "^0.16.0-beta.7"
			}
		},
		"@orbit/immutable": {
			"version": "0.16.0-beta.7",
			"resolved": "https://registry.npmjs.org/@orbit/immutable/-/immutable-0.16.0-beta.7.tgz",
			"integrity": "sha512-+KCSGKedPa7f2QPr35CdSzSVVvtLA76YSUb8HvidmiYEruE8zoAU03a5o6NNrLCg/MRmP9xdYnfamVz5egLf8A=="
		},
		"@orbit/memory": {
			"version": "0.16.0-beta.7",
			"resolved": "https://registry.npmjs.org/@orbit/memory/-/memory-0.16.0-beta.7.tgz",
			"integrity": "sha512-itHNCylVKfGNtm2Ck73nKgxLFoA8w16yFvjuAl6XnYEUtVYjpdQ+dK1ifCANxiT0S1IOCfjGZ7ebfs5t1OV8Vg==",
			"requires": {
				"@orbit/core": "^0.16.0-beta.7",
				"@orbit/data": "^0.16.0-beta.7",
				"@orbit/immutable": "^0.16.0-beta.7",
				"@orbit/record-cache": "^0.16.0-beta.7",
				"@orbit/utils": "^0.16.0-beta.7"
			}
		},
		"@orbit/record-cache": {
			"version": "0.16.0-beta.7",
			"resolved": "https://registry.npmjs.org/@orbit/record-cache/-/record-cache-0.16.0-beta.7.tgz",
			"integrity": "sha512-c1RxC2H4FP2VcRbbKKabtoFpYsxQjonBGPAV8MH5fplF2/mJq3AZUrCK/E1rVAh5ObtIN9oIGpMo0p7KBjrXJw==",
			"requires": {
				"@orbit/core": "^0.16.0-beta.7",
				"@orbit/data": "^0.16.0-beta.7",
				"@orbit/utils": "^0.16.0-beta.7"
			}
		},
		"@orbit/store": {
			"version": "0.16.0-beta.7",
			"resolved": "https://registry.npmjs.org/@orbit/store/-/store-0.16.0-beta.7.tgz",
			"integrity": "sha512-ORQ5m8Tea4KupNrm4XPa4Yyx7EnjQDR4GF0zClSj7UKJejLvkFAY1TFOwz/5AtzK9gn9lYt9ZmEakanT+WXDXA==",
			"requires": {
				"@orbit/core": "^0.16.0-beta.7",
				"@orbit/data": "^0.16.0-beta.7",
				"@orbit/immutable": "^0.16.0-beta.7",
				"@orbit/memory": "^0.16.0-beta.7",
				"@orbit/record-cache": "^0.16.0-beta.7",
				"@orbit/utils": "^0.16.0-beta.7"
			}
		},
		"@orbit/utils": {
			"version": "0.16.0-beta.7",
			"resolved": "https://registry.npmjs.org/@orbit/utils/-/utils-0.16.0-beta.7.tgz",
			"integrity": "sha512-ws2Kxg4/2ZzOlaUwt+AOurGFlx7fEPgWhsmnKCm8RACEv7JxojFGkNIJ+zL8v8Y4x5JVRvjO9rObOFl1t+OwMQ=="
		}
	}
}
