{
  "name": "@orbit-model/branching",
  "version": "0.0.1-alpha.1",
  "lockfileVersion": 1,
  "requires": true,
  "dependencies": {
    "@orbit/coordinator": {
      "version": "0.16.0-beta.1",
      "resolved": "https://registry.npmjs.org/@orbit/coordinator/-/coordinator-0.16.0-beta.1.tgz",
      "integrity": "sha512-EayPyFVZr3TiuRaWKPZoTumMkzDbaleZd97j+JV+WjDLLh0R6Z9k7QO/GETvRag6au9MtCDxPvRL4cqfIIC2hA==",
      "requires": {
        "@orbit/core": "^0.16.0-beta.1",
        "@orbit/data": "^0.16.0-beta.1",
        "@orbit/utils": "^0.16.0-beta.1"
      }
    },
    "@orbit/core": {
      "version": "0.16.0-beta.1",
      "resolved": "https://registry.npmjs.org/@orbit/core/-/core-0.16.0-beta.1.tgz",
      "integrity": "sha512-V3CCyl+o1UF/paSRy4+wqU2H55OuDsGpQSbkRVpHt2mlJiMASO6iYH/q1oKEi1jpATr+2ubN9dVzfLztY+i5Ng==",
      "requires": {
        "@orbit/utils": "^0.16.0-beta.1"
      }
    },
    "@orbit/data": {
      "version": "0.16.0-beta.1",
      "resolved": "https://registry.npmjs.org/@orbit/data/-/data-0.16.0-beta.1.tgz",
      "integrity": "sha512-cdt+3XN/YLN0GDK6WZeeCueqIiimnMPBBznw/EeW1eIMmHT3e9WP+JzuaOsm/j8IKUm2hYhLmonAl0/DV9fj/Q==",
      "requires": {
        "@orbit/core": "^0.16.0-beta.1",
        "@orbit/utils": "^0.16.0-beta.1"
      }
    },
    "@orbit/immutable": {
      "version": "0.16.0-beta.1",
      "resolved": "https://registry.npmjs.org/@orbit/immutable/-/immutable-0.16.0-beta.1.tgz",
      "integrity": "sha512-lK/2BamKuvYac/zErBFDboTTdxfS6Sz4ajKyD3UCSuWFd1s89L3yv3QvjXLux+IHm5IaO3CiLuObEeVaWsvTaA=="
    },
    "@orbit/record-cache": {
      "version": "0.16.0-beta.1",
      "resolved": "https://registry.npmjs.org/@orbit/record-cache/-/record-cache-0.16.0-beta.1.tgz",
      "integrity": "sha512-jQdLYmm+ug4dtWLkiOGOcrGFzum/Px6t5PO/BvagUG6JrT4DXMjuHlqkvypD7BcqXp/RwToJYkdw4AKgcBETQg==",
      "requires": {
        "@orbit/core": "^0.16.0-beta.1",
        "@orbit/data": "^0.16.0-beta.1",
        "@orbit/utils": "^0.16.0-beta.1"
      }
    },
    "@orbit/store": {
      "version": "0.16.0-beta.1",
      "resolved": "https://registry.npmjs.org/@orbit/store/-/store-0.16.0-beta.1.tgz",
      "integrity": "sha512-0gzoiraDzJteV/ilf6ItXwCCGknMT6fpWtGyqUopZ2OxdyNhmh2ukoSKBangH4ydsFOKHjdS0fj6NpCmnwUvdg==",
      "requires": {
        "@orbit/core": "^0.16.0-beta.1",
        "@orbit/data": "^0.16.0-beta.1",
        "@orbit/immutable": "^0.16.0-beta.1",
        "@orbit/record-cache": "^0.16.0-beta.1",
        "@orbit/utils": "^0.16.0-beta.1"
      }
    },
    "@orbit/utils": {
      "version": "0.16.0-beta.1",
      "resolved": "https://registry.npmjs.org/@orbit/utils/-/utils-0.16.0-beta.1.tgz",
      "integrity": "sha512-S8rp47/xQmBx+ub0Y1a7DQcKA+OQwXpv8vNAhMqw+Ew0sDUHYaeRibSsgCGDatC3UkP8ClUVFHgJifS19jxDPQ=="
    }
  }
}
