{
  "name": "@orbit-model/decorators",
  "version": "0.0.2-alpha.25+5fb3dd4",
  "lockfileVersion": 1,
  "requires": true,
  "dependencies": {
    "@orbit/core": {
      "version": "0.16.0",
      "resolved": "https://registry.npmjs.org/@orbit/core/-/core-0.16.0.tgz",
      "integrity": "sha512-RUOM948iOEUN9+wN/TJK0R9a/+g4huHG/4QVIy3vsxu7GEbFhf8d1bqqXcB4UgWcguX15OaQtJh+ryeNhrDwBA==",
      "requires": {
        "@orbit/utils": "^0.16.0"
      }
    },
    "@orbit/data": {
      "version": "0.16.0",
      "resolved": "https://registry.npmjs.org/@orbit/data/-/data-0.16.0.tgz",
      "integrity": "sha512-InidpkEMGDO5UHF6Mmdxt9fxAdjkVGuc3S9h7mnDGwx4Osbhqo1Y8YzWwXPOe0xvLNTKXt62G50VdcjKMUTxUA==",
      "requires": {
        "@orbit/core": "^0.16.0",
        "@orbit/utils": "^0.16.0"
      }
    },
    "@orbit/utils": {
      "version": "0.16.0",
      "resolved": "https://registry.npmjs.org/@orbit/utils/-/utils-0.16.0.tgz",
      "integrity": "sha512-6saVp8kHnNVPZmsDtTxyz1QWCPnosIgS/2mRbY8EPAULrVw+WNMoXEONT0EUTtN+311dViWatcfNQOpfsJ9Ftw=="
    },
    "inflected": {
      "version": "2.0.4",
      "resolved": "https://registry.npmjs.org/inflected/-/inflected-2.0.4.tgz",
      "integrity": "sha512-HQPzFLTTUvwfeUH6RAGjD8cHS069mBqXG5n4qaxX7sJXBhVQrsGgF+0ZJGkSuN6a8pcUWB/GXStta11kKi/WvA=="
    },
    "reflect-metadata": {
      "version": "0.1.13",
      "resolved": "https://registry.npmjs.org/reflect-metadata/-/reflect-metadata-0.1.13.tgz",
      "integrity": "sha512-Ts1Y/anZELhSsjMcU605fU9RE4Oi3p5ORujwbIKXfWa+0Zxs510Qrmrce5/Jowq3cHSZSJqBjypxmHarc+vEWg=="
    }
  }
}
