{
	"name": "@orbit-model/model",
	"version": "0.0.1-alpha.1",
	"lockfileVersion": 1,
	"requires": true,
	"dependencies": {
		"@orbit/core": {
			"version": "0.16.0-beta.7",
			"resolved": "https://registry.npmjs.org/@orbit/core/-/core-0.16.0-beta.7.tgz",
			"integrity": "sha512-opzyWqeEM8WG/vrvhtKOTMNA5kV5s4ZjFOAABZrbUace2kKl0u1EscemgDg41bXqbPAWsB8CXYiTlz1AwimHbQ==",
			"requires": {
				"@orbit/utils": "^0.16.0-beta.7"
			}
		},
		"@orbit/data": {
			"version": "0.16.0-beta.7",
			"resolved": "https://registry.npmjs.org/@orbit/data/-/data-0.16.0-beta.7.tgz",
			"integrity": "sha512-c38wCY0CerVULkuEhxifIuB14EbwX/iLHMGPmo69LUsayiXg51Jqx5NH/Mm+uBrnN4EXlgdvTWr+ScncgLUg3A==",
			"requires": {
				"@orbit/core": "^0.16.0-beta.7",
				"@orbit/utils": "^0.16.0-beta.7"
			}
		},
		"@orbit/utils": {
			"version": "0.16.0-beta.7",
			"resolved": "https://registry.npmjs.org/@orbit/utils/-/utils-0.16.0-beta.7.tgz",
			"integrity": "sha512-ws2Kxg4/2ZzOlaUwt+AOurGFlx7fEPgWhsmnKCm8RACEv7JxojFGkNIJ+zL8v8Y4x5JVRvjO9rObOFl1t+OwMQ=="
		}
	}
}
