{
	"name": "@orbit-model/branch",
	"version": "0.0.2-alpha.25+5fb3dd4",
	"lockfileVersion": 1,
	"requires": true,
	"dependencies": {
		"@orbit/coordinator": {
			"version": "0.16.0",
			"resolved": "https://registry.npmjs.org/@orbit/coordinator/-/coordinator-0.16.0.tgz",
			"integrity": "sha512-ORDT/AhEyWFx/Wpy9u4PkJ+Y6lywHe5RGLjyCDeGy66n+4CxTTlo6wm+GWhFtJlzpaTBqdNrMbYFdadUetbpVg==",
			"requires": {
				"@orbit/core": "^0.16.0",
				"@orbit/data": "^0.16.0",
				"@orbit/utils": "^0.16.0"
			}
		},
		"@orbit/core": {
			"version": "0.16.0",
			"resolved": "https://registry.npmjs.org/@orbit/core/-/core-0.16.0.tgz",
			"integrity": "sha512-RUOM948iOEUN9+wN/TJK0R9a/+g4huHG/4QVIy3vsxu7GEbFhf8d1bqqXcB4UgWcguX15OaQtJh+ryeNhrDwBA==",
			"requires": {
				"@orbit/utils": "^0.16.0"
			}
		},
		"@orbit/data": {
			"version": "0.16.0",
			"resolved": "https://registry.npmjs.org/@orbit/data/-/data-0.16.0.tgz",
			"integrity": "sha512-InidpkEMGDO5UHF6Mmdxt9fxAdjkVGuc3S9h7mnDGwx4Osbhqo1Y8YzWwXPOe0xvLNTKXt62G50VdcjKMUTxUA==",
			"requires": {
				"@orbit/core": "^0.16.0",
				"@orbit/utils": "^0.16.0"
			}
		},
		"@orbit/immutable": {
			"version": "0.16.0",
			"resolved": "https://registry.npmjs.org/@orbit/immutable/-/immutable-0.16.0.tgz",
			"integrity": "sha512-KlxrZM9pWlfN3KdK2s89CPaP5cMdRXdhTZqFpbNLcTI2eXOtR1v4G7rRji8MIqowmAH6I32ZhjRm7a5cFouhNA=="
		},
		"@orbit/memory": {
			"version": "0.16.0",
			"resolved": "https://registry.npmjs.org/@orbit/memory/-/memory-0.16.0.tgz",
			"integrity": "sha512-yc3Xb6Y2eq3HqVzOGVX81abVHCdG8ul0vr/OX8OukBYL4yvsXN25b9X2IlvJ2PqbvWZ03SJSUrao/7PwlTNPqQ==",
			"requires": {
				"@orbit/core": "^0.16.0",
				"@orbit/data": "^0.16.0",
				"@orbit/immutable": "^0.16.0",
				"@orbit/record-cache": "^0.16.0",
				"@orbit/utils": "^0.16.0"
			}
		},
		"@orbit/record-cache": {
			"version": "0.16.0",
			"resolved": "https://registry.npmjs.org/@orbit/record-cache/-/record-cache-0.16.0.tgz",
			"integrity": "sha512-nJONCdCj2yC5+u3raozgBr/qgVB95UXE5eFOH41tXcTg2IvPvF99OsM4yUc4DaHzAkIDCFNh+f7vJ0vWxM1PQg==",
			"requires": {
				"@orbit/core": "^0.16.0",
				"@orbit/data": "^0.16.0",
				"@orbit/utils": "^0.16.0"
			}
		},
		"@orbit/utils": {
			"version": "0.16.0",
			"resolved": "https://registry.npmjs.org/@orbit/utils/-/utils-0.16.0.tgz",
			"integrity": "sha512-6saVp8kHnNVPZmsDtTxyz1QWCPnosIgS/2mRbY8EPAULrVw+WNMoXEONT0EUTtN+311dViWatcfNQOpfsJ9Ftw=="
		}
	}
}
